
Microsoft Visual Studio Solution File, Format Version 12.00
# Visual Studio 14
VisualStudioVersion = 14.0.23107.0
MinimumVisualStudioVersion = 10.0.40219.1
Project("{FAE04EC0-301F-11D3-BF4B-00C04F79EFBC}") = "Comp1004-Assignment1", "WindowsFormsApplication1\Comp1004-Assignment1.csproj", "{B147F4C4-0E2E-4A84-9259-DE1F9B8382B9}"
EndProject
Global
	GlobalSection(SolutionConfigurationPlatforms) = preSolution
		Debug|Any CPU = Debug|Any CPU
		Release|Any CPU = Release|Any CPU
	EndGlobalSection
	GlobalSection(ProjectConfigurationPlatforms) = postSolution
		{B147F4C4-0E2E-4A84-9259-DE1F9B8382B9}.Debug|Any CPU.ActiveCfg = Debug|Any CPU
		{B147F4C4-0E2E-4A84-9259-DE1F9B8382B9}.Debug|Any CPU.Build.0 = Debug|Any CPU
		{B147F4C4-0E2E-4A84-9259-DE1F9B8382B9}.Release|Any CPU.ActiveCfg = Release|Any CPU
		{B147F4C4-0E2E-4A84-9259-DE1F9B8382B9}.Release|Any CPU.Build.0 = Release|Any CPU
	EndGlobalSection
	GlobalSection(SolutionProperties) = preSolution
		HideSolutionNode = FALSE
	EndGlobalSection
EndGlobal
